{
  "name": "goldentoolbox",
  "version": "1.0.0",
  "lockfileVersion": 3,
  "requires": true,
  "packages": {
    "": {
      "name": "goldentoolbox",
      "version": "1.0.0",
      "dependencies": {
        "libphonenumber-js": "^1.11.0"
      }
    },
    "node_modules/libphonenumber-js": {
      "version": "1.13.8",
      "resolved": "https://registry.npmjs.org/libphonenumber-js/-/libphonenumber-js-1.13.8.tgz",
      "integrity": "sha512-80xal1m93rADejw2pMp2MSzFhHCPLEspjHxnH2UtqI+DgAmElsbmLMiqk9niwH9NWAfjsRtaJI+qBrOEmRx9nQ==",
      "license": "MIT"
    }
  }
}
